# This file was autogenerated by Stack.
# You should not edit this file by hand.
# For more information, please see the documentation at:
#   https://docs.haskellstack.org/en/stable/lock_files

packages:
- completed:
    hackage: emoji-0.1.0.2@sha256:d995572a5c7dcd28f98eb15c6e387a7b3bda1ac2477ab0d9dba8580d5d7b161f,1273
    pantry-tree:
      size: 437
      sha256: dd9ea90a631342e5db0fc21331ade4d563a685e9125d5a3989eefa8e1b96c6c6
  original:
    hackage: emoji-0.1.0.2
- completed:
    hackage: discord-haskell-1.5.0@sha256:eabc14a9f6b0f2ba82034c0fe80e8504a816c915fb99e83e7b71c3a878e7692d,3798
    pantry-tree:
      size: 2108
      sha256: 9d3edbdcf4193af765d251a7d8a7562f87126f1624fa6360fb5dc0c5a341f448
  original:
    hackage: discord-haskell-1.5.0
- completed:
    hackage: http-client-0.6.4.1@sha256:ea569e3ebc00e7bb68162fbdf85aa63e653b974eaff63df7b972e4296687e25c,5322
    pantry-tree:
      size: 2458
      sha256: 8e6ebf17ad06cca8bdab0c2ceda13ed41dea0d793f1930f90f0542f9c66afff1
  original:
    hackage: http-client-0.6.4.1@sha256:ea569e3ebc00e7bb68162fbdf85aa63e653b974eaff63df7b972e4296687e25c,5322
- completed:
    hackage: req-3.1.0@sha256:c42bf205421a3a07749c725d1a9ebd494dd577cd2f7f62e7ff26a98b3229da1c,4800
    pantry-tree:
      size: 712
      sha256: d91f5677cf1adc0a121fa9aa330270c7eb273f499ba519383a29b0f6b0d4bf22
  original:
    hackage: req-3.1.0@sha256:c42bf205421a3a07749c725d1a9ebd494dd577cd2f7f62e7ff26a98b3229da1c,4800
- completed:
    hackage: retry-0.8.1.0@sha256:a964bc798d9f3cb6020721e7992c1dce71c49cbbdc5c110038ccf9d1da59884d,2207
    pantry-tree:
      size: 433
      sha256: d2661a954fe017b9fcf60fba9226d66e1179983892fd255cd7279c12b8c820e8
  original:
    hackage: retry-0.8.1.0@sha256:a964bc798d9f3cb6020721e7992c1dce71c49cbbdc5c110038ccf9d1da59884d,2207
- completed:
    hackage: regex-pcre-0.95.0.0@sha256:60d9758a6841b0761f3dd7f90206511574dc7ee60f53bf5a9a066b967ddd5225,1937
    pantry-tree:
      size: 634
      sha256: be80abf4eda01a83006aa14e0e82b1221f82ee6f25aa2f27e83432501c4c7d63
  original:
    hackage: regex-pcre-0.95.0.0
- completed:
    hackage: regex-base-0.94.0.0@sha256:44aa95ca762294ffbb28cf0af9c567d93b5d2c56e4f38ce5385a257d899f968e,2253
    pantry-tree:
      size: 483
      sha256: 627ad9d564650590654720934224090a4e8fc3225e84a7fd1af83bc86b2d446a
  original:
    hackage: regex-base-0.94.0.0@sha256:44aa95ca762294ffbb28cf0af9c567d93b5d2c56e4f38ce5385a257d899f968e,2253
- completed:
    hackage: hoauth2-1.12.0@sha256:3a7358e09de0ac3f8c738a3391c7e20d7e8b0038a21701c8cf68e7b1c32632d6,5628
    pantry-tree:
      size: 2046
      sha256: 2a5e030a8d8871f60bdfb1fa74fa36f906a490f4a3fd109d9430f10c02fd91e2
  original:
    hackage: hoauth2-1.12.0
- completed:
    hackage: wai-3.2.2.1@sha256:3f8fcbd4dec70fb549f1f9ec2b038df215a30afd74c01c1d36ecb85845115ba3,1765
    pantry-tree:
      size: 485
      sha256: de2162f984227d9d0cc27b7f0a9b30cc03ef2670028bd40fa8c55fee7b92f000
  original:
    hackage: wai-3.2.2.1
snapshots:
- completed:
    size: 524154
    url: https://raw.githubusercontent.com/commercialhaskell/stackage-snapshots/master/lts/14/20.yaml
    sha256: 2f5099f69ddb6abfe64400fe1e6a604e8e628f55e6837211cd70a81eb0a8fa4d
  original: lts-14.20
